
Microsoft Visual Studio Solution File, Format Version 12.00
# Visual Studio Version 17
VisualStudioVersion = 17.9.34701.34
MinimumVisualStudioVersion = 10.0.40219.1
Project("{8BC9CEB8-8B4A-11D0-8D11-00A0C91BC942}") = "Hazel", "Hazel\Hazel.vcxproj", "{8E26A132-7867-49F6-808C-16E47FFF8BF1}"
EndProject
Project("{8BC9CEB8-8B4A-11D0-8D11-00A0C91BC942}") = "Sandbox", "Sandbox\Sandbox.vcxproj", "{B52FF0ED-CBD9-4633-9DB9-A7F341BE329B}"
EndProject
Global
	GlobalSection(SolutionConfigurationPlatforms) = preSolution
		Debug|x64 = Debug|x64
		Debug|x86 = Debug|x86
		Release|x64 = Release|x64
		Release|x86 = Release|x86
	EndGlobalSection
	GlobalSection(ProjectConfigurationPlatforms) = postSolution
		{8E26A132-7867-49F6-808C-16E47FFF8BF1}.Debug|x64.ActiveCfg = Debug|x64
		{8E26A132-7867-49F6-808C-16E47FFF8BF1}.Debug|x64.Build.0 = Debug|x64
		{8E26A132-7867-49F6-808C-16E47FFF8BF1}.Debug|x86.ActiveCfg = Debug|Win32
		{8E26A132-7867-49F6-808C-16E47FFF8BF1}.Debug|x86.Build.0 = Debug|Win32
		{8E26A132-7867-49F6-808C-16E47FFF8BF1}.Release|x64.ActiveCfg = Release|x64
		{8E26A132-7867-49F6-808C-16E47FFF8BF1}.Release|x64.Build.0 = Release|x64
		{8E26A132-7867-49F6-808C-16E47FFF8BF1}.Release|x86.ActiveCfg = Release|Win32
		{8E26A132-7867-49F6-808C-16E47FFF8BF1}.Release|x86.Build.0 = Release|Win32
		{B52FF0ED-CBD9-4633-9DB9-A7F341BE329B}.Debug|x64.ActiveCfg = Debug|x64
		{B52FF0ED-CBD9-4633-9DB9-A7F341BE329B}.Debug|x64.Build.0 = Debug|x64
		{B52FF0ED-CBD9-4633-9DB9-A7F341BE329B}.Debug|x86.ActiveCfg = Debug|Win32
		{B52FF0ED-CBD9-4633-9DB9-A7F341BE329B}.Debug|x86.Build.0 = Debug|Win32
		{B52FF0ED-CBD9-4633-9DB9-A7F341BE329B}.Release|x64.ActiveCfg = Release|x64
		{B52FF0ED-CBD9-4633-9DB9-A7F341BE329B}.Release|x64.Build.0 = Release|x64
		{B52FF0ED-CBD9-4633-9DB9-A7F341BE329B}.Release|x86.ActiveCfg = Release|Win32
		{B52FF0ED-CBD9-4633-9DB9-A7F341BE329B}.Release|x86.Build.0 = Release|Win32
	EndGlobalSection
	GlobalSection(SolutionProperties) = preSolution
		HideSolutionNode = FALSE
	EndGlobalSection
	GlobalSection(ExtensibilityGlobals) = postSolution
		SolutionGuid = {DE3F6AA8-B441-4571-A063-0BE82EF61581}
	EndGlobalSection
EndGlobal
